{
  "name": "typescript.promises",
  "version": "1.0.0",
  "lockfileVersion": 1,
  "requires": true,
  "dependencies": {
    "@types/es6-shim": {
      "version": "0.31.39",
      "resolved": "https://registry.npmjs.org/@types/es6-shim/-/es6-shim-0.31.39.tgz",
      "integrity": "sha512-z2JtmHE1wg75JTdT1qWGvW4eDOk6DUW1Exdzrs+8QTPFttkdTr4pKVzLLCCAOUC8i/KiG+QtkSEteQ5hDxwbpg==",
      "dev": true
    },
    "typescript": {
      "version": "3.5.3",
      "resolved": "https://registry.npmjs.org/typescript/-/typescript-3.5.3.tgz",
      "integrity": "sha512-ACzBtm/PhXBDId6a6sDJfroT2pOWt/oOnk4/dElG5G33ZL776N3Y6/6bKZJBFpd+b05F3Ct9qDjMeJmRWtE2/g==",
      "dev": true
    }
  }
}
